
Microsoft Visual Studio Solution File, Format Version 12.00
# Visual Studio 14
VisualStudioVersion = 14.0.25420.1
MinimumVisualStudioVersion = 10.0.40219.1
Project("{FAE04EC0-301F-11D3-BF4B-00C04F79EFBC}") = "Visma Room2Meet", "Visma Room2Meet\Visma Room2Meet.csproj", "{1BA78328-3B28-4482-A811-E32F634BA5D2}"
EndProject
Project("{FAE04EC0-301F-11D3-BF4B-00C04F79EFBC}") = "Visma Room2Meet.Tests", "Visma Room2Meet.Tests\Visma Room2Meet.Tests.csproj", "{D72A14BD-D16E-4C50-ABEB-98515F51ACE2}"
EndProject
Global
	GlobalSection(SolutionConfigurationPlatforms) = preSolution
		Debug|Any CPU = Debug|Any CPU
		Release|Any CPU = Release|Any CPU
	EndGlobalSection
	GlobalSection(ProjectConfigurationPlatforms) = postSolution
		{1BA78328-3B28-4482-A811-E32F634BA5D2}.Debug|Any CPU.ActiveCfg = Debug|Any CPU
		{1BA78328-3B28-4482-A811-E32F634BA5D2}.Debug|Any CPU.Build.0 = Debug|Any CPU
		{1BA78328-3B28-4482-A811-E32F634BA5D2}.Release|Any CPU.ActiveCfg = Release|Any CPU
		{1BA78328-3B28-4482-A811-E32F634BA5D2}.Release|Any CPU.Build.0 = Release|Any CPU
		{D72A14BD-D16E-4C50-ABEB-98515F51ACE2}.Debug|Any CPU.ActiveCfg = Debug|Any CPU
		{D72A14BD-D16E-4C50-ABEB-98515F51ACE2}.Debug|Any CPU.Build.0 = Debug|Any CPU
		{D72A14BD-D16E-4C50-ABEB-98515F51ACE2}.Release|Any CPU.ActiveCfg = Release|Any CPU
		{D72A14BD-D16E-4C50-ABEB-98515F51ACE2}.Release|Any CPU.Build.0 = Release|Any CPU
	EndGlobalSection
	GlobalSection(SolutionProperties) = preSolution
		HideSolutionNode = FALSE
	EndGlobalSection
EndGlobal
